{
  "name": "learn-online",
  "lockfileVersion": 3,
  "requires": true,
  "packages": {
    "": {
      "dependencies": {
        "@solar-icons/react": "^1.1.0",
        "solar-icon-set": "^2.0.1"
      }
    },
    "node_modules/@solar-icons/react": {
      "version": "1.1.0",
      "resolved": "https://registry.npmjs.org/@solar-icons/react/-/react-1.1.0.tgz",
      "integrity": "sha512-3DGDrolCV3ToaAqGHHHqambhveaTlAGv0h84bQTSUne6UbxJ95G3TiHW39w/43q1F53QylPwfS29Xa4Khy2p1w==",
      "license": "MIT",
      "engines": {
        "node": ">=16"
      },
      "peerDependencies": {
        "react": ">= 16.8",
        "react-dom": ">= 16.8"
      }
    },
    "node_modules/solar-icon-set": {
      "version": "2.0.1",
      "resolved": "https://registry.npmjs.org/solar-icon-set/-/solar-icon-set-2.0.1.tgz",
      "integrity": "sha512-agfVH4iJWgLmdDI9+SLc8wWOzAmRXhAdI5LMrTc1Vtwl+OhFJI7DDhANi24yaUmRy6JKg3dzj6jGBlWC5AiA4A==",
      "license": "GPL-3.0",
      "peerDependencies": {
        "react": "^18.0.0 || ^19.0.0"
      }
    }
  }
}
