{
  "name": "learn-online",
  "lockfileVersion": 3,
  "requires": true,
  "packages": {
    "": {
      "dependencies": {
        "@solar-icons/react": "^1.1.0",
        "canvas-confetti": "^1.9.4",
        "solar-icon-set": "^2.0.1"
      }
    },
    "node_modules/@solar-icons/react": {
      "version": "1.1.0",
      "resolved": "https://registry.npmjs.org/@solar-icons/react/-/react-1.1.0.tgz",
      "integrity": "sha512-3DGDrolCV3ToaAqGHHHqambhveaTlAGv0h84bQTSUne6UbxJ95G3TiHW39w/43q1F53QylPwfS29Xa4Khy2p1w==",
      "license": "MIT",
      "engines": {
        "node": ">=16"
      },
      "peerDependencies": {
        "react": ">= 16.8",
        "react-dom": ">= 16.8"
      }
    },
    "node_modules/canvas-confetti": {
      "version": "1.9.4",
      "resolved": "https://registry.npmjs.org/canvas-confetti/-/canvas-confetti-1.9.4.tgz",
      "integrity": "sha512-yxQbJkAVrFXWNbTUjPqjF7G+g6pDotOUHGbkZq2NELZUMDpiJ85rIEazVb8GTaAptNW2miJAXbs1BtioA251Pw==",
      "license": "ISC",
      "funding": {
        "type": "donate",
        "url": "https://www.paypal.me/kirilvatev"
      }
    },
    "node_modules/react": {
      "version": "19.2.5",
      "resolved": "https://registry.npmjs.org/react/-/react-19.2.5.tgz",
      "integrity": "sha512-llUJLzz1zTUBrskt2pwZgLq59AemifIftw4aB7JxOqf1HY2FDaGDxgwpAPVzHU1kdWabH7FauP4i1oEeer2WCA==",
      "license": "MIT",
      "peer": true,
      "engines": {
        "node": ">=0.10.0"
      }
    },
    "node_modules/react-dom": {
      "version": "19.2.5",
      "resolved": "https://registry.npmjs.org/react-dom/-/react-dom-19.2.5.tgz",
      "integrity": "sha512-J5bAZz+DXMMwW/wV3xzKke59Af6CHY7G4uYLN1OvBcKEsWOs4pQExj86BBKamxl/Ik5bx9whOrvBlSDfWzgSag==",
      "license": "MIT",
      "peer": true,
      "dependencies": {
        "scheduler": "^0.27.0"
      },
      "peerDependencies": {
        "react": "^19.2.5"
      }
    },
    "node_modules/scheduler": {
      "version": "0.27.0",
      "resolved": "https://registry.npmjs.org/scheduler/-/scheduler-0.27.0.tgz",
      "integrity": "sha512-eNv+WrVbKu1f3vbYJT/xtiF5syA5HPIMtf9IgY/nKg0sWqzAUEvqY/xm7OcZc/qafLx/iO9FgOmeSAp4v5ti/Q==",
      "license": "MIT",
      "peer": true
    },
    "node_modules/solar-icon-set": {
      "version": "2.0.1",
      "resolved": "https://registry.npmjs.org/solar-icon-set/-/solar-icon-set-2.0.1.tgz",
      "integrity": "sha512-agfVH4iJWgLmdDI9+SLc8wWOzAmRXhAdI5LMrTc1Vtwl+OhFJI7DDhANi24yaUmRy6JKg3dzj6jGBlWC5AiA4A==",
      "license": "GPL-3.0",
      "peerDependencies": {
        "react": "^18.0.0 || ^19.0.0"
      }
    }
  }
}
